
Microsoft Visual Studio Solution File, Format Version 12.00
# Visual Studio Version 16
VisualStudioVersion = 16.0.34407.143
MinimumVisualStudioVersion = 10.0.40219.1
Project("{8BC9CEB8-8B4A-11D0-8D11-00A0C91BC942}") = "ServerTest", "ServerTest\ServerTest.vcxproj", "{725470E9-771A-48AC-9D73-B189D166CFDF}"
EndProject
Project("{8BC9CEB8-8B4A-11D0-8D11-00A0C91BC942}") = "ByteOrder", "ByteOrder\ByteOrder.vcxproj", "{F1DF80D5-817B-4D6D-A06F-79CEAAC4FCAA}"
EndProject
Project("{8BC9CEB8-8B4A-11D0-8D11-00A0C91BC942}") = "IPAddr", "IPAddr\IPAddr.vcxproj", "{7FBDD5C3-EA69-4DA5-B28F-27EDBD9CE48E}"
EndProject
Project("{8BC9CEB8-8B4A-11D0-8D11-00A0C91BC942}") = "NameResolution", "NameResolution\NameResolution.vcxproj", "{66D05390-0DE0-474C-B723-17C227818879}"
EndProject
Project("{2150E333-8FDC-42A3-9474-1A3956D46DE8}") = "TCP", "TCP", "{92E53C82-DFE1-46BF-878F-29BB3AF76255}"
EndProject
Project("{8BC9CEB8-8B4A-11D0-8D11-00A0C91BC942}") = "TCPClient", "TCP\TCPClient\TCPClient.vcxproj", "{1204A887-CEE6-41BD-9080-B387ED17AD5F}"
EndProject
Project("{8BC9CEB8-8B4A-11D0-8D11-00A0C91BC942}") = "TCPServer", "TCP\TCPServer\TCPServer.vcxproj", "{7EBFDE3B-6985-4EB6-86F8-B33124D89D31}"
EndProject
Project("{8BC9CEB8-8B4A-11D0-8D11-00A0C91BC942}") = "TCPClient_FixedVariable", "TCP\TCPClient_FixedVariable\TCPClient_FixedVariable.vcxproj", "{269F5CAB-E104-4661-8032-7011AD2FFE64}"
EndProject
Project("{8BC9CEB8-8B4A-11D0-8D11-00A0C91BC942}") = "TCPServer_FixedVariable", "TCP\TCPServer_FixedVariable\TCPServer_FixedVariable.vcxproj", "{6579BDB7-F380-4F80-8721-F9DFB07C72C9}"
EndProject
Project("{2150E333-8FDC-42A3-9474-1A3956D46DE8}") = "UDP", "UDP", "{B7DA59D0-DC14-41EC-AC15-0E04F0F9EF8A}"
EndProject
Project("{8BC9CEB8-8B4A-11D0-8D11-00A0C91BC942}") = "CriticalSectionPractice", "CriticalSectionPractice\CriticalSectionPractice.vcxproj", "{45432AEB-59DE-44B5-AB7D-CD1BE2BE24BD}"
EndProject
Project("{8BC9CEB8-8B4A-11D0-8D11-00A0C91BC942}") = "EventPractice", "EventPractice\EventPractice.vcxproj", "{E5DA32E3-9F2E-4449-BAD7-7A66EABDD69C}"
EndProject
Project("{8BC9CEB8-8B4A-11D0-8D11-00A0C91BC942}") = "UDPClient", "UDP\UDPClient\UDPClient.vcxproj", "{E7C78A08-CD46-476F-B990-D27A0D0277C2}"
EndProject
Project("{8BC9CEB8-8B4A-11D0-8D11-00A0C91BC942}") = "UDPServer", "UDP\UDPServer\UDPServer.vcxproj", "{AABAA473-6295-45C5-85F1-A25F39DE7368}"
EndProject
Project("{8BC9CEB8-8B4A-11D0-8D11-00A0C91BC942}") = "BroadcastReceiver", "UDP\BroadcastReceiver\BroadcastReceiver.vcxproj", "{FE437A49-5C46-405A-81C9-D32D306D240F}"
EndProject
Project("{8BC9CEB8-8B4A-11D0-8D11-00A0C91BC942}") = "BroadcastSender", "UDP\BroadcastSender\BroadcastSender.vcxproj", "{2ACA1F99-9959-4D54-ABED-C3A1C1EB4DC4}"
EndProject
Project("{2150E333-8FDC-42A3-9474-1A3956D46DE8}") = "SocketOptions", "SocketOptions", "{B4E23CB3-BCF6-4600-9281-D98C30EE072B}"
EndProject
Project("{8BC9CEB8-8B4A-11D0-8D11-00A0C91BC942}") = "MulticastReceiver", "SocketOptions\MulticastReceiver\MulticastReceiver.vcxproj", "{B071F5AD-6B30-493E-A5C5-04C262543D34}"
EndProject
Project("{8BC9CEB8-8B4A-11D0-8D11-00A0C91BC942}") = "MulticastSender", "SocketOptions\MulticastSender\MulticastSender.vcxproj", "{2230B17B-A3DF-4144-87E7-C485BB30E85B}"
EndProject
Project("{8BC9CEB8-8B4A-11D0-8D11-00A0C91BC942}") = "TCPServer", "SocketOptions\TCPServer\TCPServer.vcxproj", "{01711DEC-4670-405D-831C-35FDE3A27E7E}"
EndProject
Project("{2150E333-8FDC-42A3-9474-1A3956D46DE8}") = "Modle", "Modle", "{4CC0FF82-142A-4522-AB6A-504C0B272437}"
EndProject
Project("{8BC9CEB8-8B4A-11D0-8D11-00A0C91BC942}") = "NonblockTCPServer", "Modle\NonblockTCPServer\NonblockTCPServer.vcxproj", "{E7BAB57E-B338-4808-9046-CAFC2601ADC6}"
EndProject
Project("{8BC9CEB8-8B4A-11D0-8D11-00A0C91BC942}") = "SelectTCPServer", "Modle\SelectTCPServer\SelectTCPServer.vcxproj", "{1D149314-9176-40A9-87A4-469C63C7DB28}"
EndProject
Project("{8BC9CEB8-8B4A-11D0-8D11-00A0C91BC942}") = "EventSelectTCPServer", "Modle\EventSelectTCPServer\EventSelectTCPServer.vcxproj", "{934AC88A-65AE-439E-8684-24ECA14B8C97}"
EndProject
Project("{2150E333-8FDC-42A3-9474-1A3956D46DE8}") = "RowSocket", "RowSocket", "{C95FF992-94A8-44C0-A859-4A39EFEC3C1C}"
EndProject
Project("{8BC9CEB8-8B4A-11D0-8D11-00A0C91BC942}") = "Ping1", "RowSocket\Ping1\Ping1.vcxproj", "{637140E0-A6DE-4B64-B399-3430A80BDE5B}"
EndProject
Project("{8BC9CEB8-8B4A-11D0-8D11-00A0C91BC942}") = "Tracert1", "RowSocket\Tracert1\Tracert1.vcxproj", "{5DA8434D-D763-485D-BE69-592F3E9EEC8E}"
EndProject
Project("{8BC9CEB8-8B4A-11D0-8D11-00A0C91BC942}") = "OverlappedTCPServer2", "Modle\OverlappedTCPServer2\OverlappedTCPServer2.vcxproj", "{52AB7D8D-0A64-4989-8894-21BEB8127D04}"
EndProject
Project("{8BC9CEB8-8B4A-11D0-8D11-00A0C91BC942}") = "CompletionPortTCPServer", "Modle\CompletionPortTCPServer\CompletionPortTCPServer.vcxproj", "{7F9DF7F6-549E-403B-BB93-4C8CAC2D0732}"
EndProject
Global
	GlobalSection(SolutionConfigurationPlatforms) = preSolution
		Debug|x64 = Debug|x64
		Debug|x86 = Debug|x86
		Release|x64 = Release|x64
		Release|x86 = Release|x86
	EndGlobalSection
	GlobalSection(ProjectConfigurationPlatforms) = postSolution
		{725470E9-771A-48AC-9D73-B189D166CFDF}.Debug|x64.ActiveCfg = Debug|x64
		{725470E9-771A-48AC-9D73-B189D166CFDF}.Debug|x64.Build.0 = Debug|x64
		{725470E9-771A-48AC-9D73-B189D166CFDF}.Debug|x86.ActiveCfg = Debug|Win32
		{725470E9-771A-48AC-9D73-B189D166CFDF}.Debug|x86.Build.0 = Debug|Win32
		{725470E9-771A-48AC-9D73-B189D166CFDF}.Release|x64.ActiveCfg = Release|x64
		{725470E9-771A-48AC-9D73-B189D166CFDF}.Release|x64.Build.0 = Release|x64
		{725470E9-771A-48AC-9D73-B189D166CFDF}.Release|x86.ActiveCfg = Release|Win32
		{725470E9-771A-48AC-9D73-B189D166CFDF}.Release|x86.Build.0 = Release|Win32
		{F1DF80D5-817B-4D6D-A06F-79CEAAC4FCAA}.Debug|x64.ActiveCfg = Debug|x64
		{F1DF80D5-817B-4D6D-A06F-79CEAAC4FCAA}.Debug|x64.Build.0 = Debug|x64
		{F1DF80D5-817B-4D6D-A06F-79CEAAC4FCAA}.Debug|x86.ActiveCfg = Debug|Win32
		{F1DF80D5-817B-4D6D-A06F-79CEAAC4FCAA}.Debug|x86.Build.0 = Debug|Win32
		{F1DF80D5-817B-4D6D-A06F-79CEAAC4FCAA}.Release|x64.ActiveCfg = Release|x64
		{F1DF80D5-817B-4D6D-A06F-79CEAAC4FCAA}.Release|x64.Build.0 = Release|x64
		{F1DF80D5-817B-4D6D-A06F-79CEAAC4FCAA}.Release|x86.ActiveCfg = Release|Win32
		{F1DF80D5-817B-4D6D-A06F-79CEAAC4FCAA}.Release|x86.Build.0 = Release|Win32
		{7FBDD5C3-EA69-4DA5-B28F-27EDBD9CE48E}.Debug|x64.ActiveCfg = Debug|x64
		{7FBDD5C3-EA69-4DA5-B28F-27EDBD9CE48E}.Debug|x64.Build.0 = Debug|x64
		{7FBDD5C3-EA69-4DA5-B28F-27EDBD9CE48E}.Debug|x86.ActiveCfg = Debug|Win32
		{7FBDD5C3-EA69-4DA5-B28F-27EDBD9CE48E}.Debug|x86.Build.0 = Debug|Win32
		{7FBDD5C3-EA69-4DA5-B28F-27EDBD9CE48E}.Release|x64.ActiveCfg = Release|x64
		{7FBDD5C3-EA69-4DA5-B28F-27EDBD9CE48E}.Release|x64.Build.0 = Release|x64
		{7FBDD5C3-EA69-4DA5-B28F-27EDBD9CE48E}.Release|x86.ActiveCfg = Release|Win32
		{7FBDD5C3-EA69-4DA5-B28F-27EDBD9CE48E}.Release|x86.Build.0 = Release|Win32
		{66D05390-0DE0-474C-B723-17C227818879}.Debug|x64.ActiveCfg = Debug|x64
		{66D05390-0DE0-474C-B723-17C227818879}.Debug|x64.Build.0 = Debug|x64
		{66D05390-0DE0-474C-B723-17C227818879}.Debug|x86.ActiveCfg = Debug|Win32
		{66D05390-0DE0-474C-B723-17C227818879}.Debug|x86.Build.0 = Debug|Win32
		{66D05390-0DE0-474C-B723-17C227818879}.Release|x64.ActiveCfg = Release|x64
		{66D05390-0DE0-474C-B723-17C227818879}.Release|x64.Build.0 = Release|x64
		{66D05390-0DE0-474C-B723-17C227818879}.Release|x86.ActiveCfg = Release|Win32
		{66D05390-0DE0-474C-B723-17C227818879}.Release|x86.Build.0 = Release|Win32
		{1204A887-CEE6-41BD-9080-B387ED17AD5F}.Debug|x64.ActiveCfg = Debug|x64
		{1204A887-CEE6-41BD-9080-B387ED17AD5F}.Debug|x64.Build.0 = Debug|x64
		{1204A887-CEE6-41BD-9080-B387ED17AD5F}.Debug|x86.ActiveCfg = Debug|Win32
		{1204A887-CEE6-41BD-9080-B387ED17AD5F}.Debug|x86.Build.0 = Debug|Win32
		{1204A887-CEE6-41BD-9080-B387ED17AD5F}.Release|x64.ActiveCfg = Release|x64
		{1204A887-CEE6-41BD-9080-B387ED17AD5F}.Release|x64.Build.0 = Release|x64
		{1204A887-CEE6-41BD-9080-B387ED17AD5F}.Release|x86.ActiveCfg = Release|Win32
		{1204A887-CEE6-41BD-9080-B387ED17AD5F}.Release|x86.Build.0 = Release|Win32
		{7EBFDE3B-6985-4EB6-86F8-B33124D89D31}.Debug|x64.ActiveCfg = Debug|x64
		{7EBFDE3B-6985-4EB6-86F8-B33124D89D31}.Debug|x64.Build.0 = Debug|x64
		{7EBFDE3B-6985-4EB6-86F8-B33124D89D31}.Debug|x86.ActiveCfg = Debug|Win32
		{7EBFDE3B-6985-4EB6-86F8-B33124D89D31}.Debug|x86.Build.0 = Debug|Win32
		{7EBFDE3B-6985-4EB6-86F8-B33124D89D31}.Release|x64.ActiveCfg = Release|x64
		{7EBFDE3B-6985-4EB6-86F8-B33124D89D31}.Release|x64.Build.0 = Release|x64
		{7EBFDE3B-6985-4EB6-86F8-B33124D89D31}.Release|x86.ActiveCfg = Release|Win32
		{7EBFDE3B-6985-4EB6-86F8-B33124D89D31}.Release|x86.Build.0 = Release|Win32
		{269F5CAB-E104-4661-8032-7011AD2FFE64}.Debug|x64.ActiveCfg = Debug|x64
		{269F5CAB-E104-4661-8032-7011AD2FFE64}.Debug|x64.Build.0 = Debug|x64
		{269F5CAB-E104-4661-8032-7011AD2FFE64}.Debug|x86.ActiveCfg = Debug|Win32
		{269F5CAB-E104-4661-8032-7011AD2FFE64}.Debug|x86.Build.0 = Debug|Win32
		{269F5CAB-E104-4661-8032-7011AD2FFE64}.Release|x64.ActiveCfg = Release|x64
		{269F5CAB-E104-4661-8032-7011AD2FFE64}.Release|x64.Build.0 = Release|x64
		{269F5CAB-E104-4661-8032-7011AD2FFE64}.Release|x86.ActiveCfg = Release|Win32
		{269F5CAB-E104-4661-8032-7011AD2FFE64}.Release|x86.Build.0 = Release|Win32
		{6579BDB7-F380-4F80-8721-F9DFB07C72C9}.Debug|x64.ActiveCfg = Debug|x64
		{6579BDB7-F380-4F80-8721-F9DFB07C72C9}.Debug|x64.Build.0 = Debug|x64
		{6579BDB7-F380-4F80-8721-F9DFB07C72C9}.Debug|x86.ActiveCfg = Debug|Win32
		{6579BDB7-F380-4F80-8721-F9DFB07C72C9}.Debug|x86.Build.0 = Debug|Win32
		{6579BDB7-F380-4F80-8721-F9DFB07C72C9}.Release|x64.ActiveCfg = Release|x64
		{6579BDB7-F380-4F80-8721-F9DFB07C72C9}.Release|x64.Build.0 = Release|x64
		{6579BDB7-F380-4F80-8721-F9DFB07C72C9}.Release|x86.ActiveCfg = Release|Win32
		{6579BDB7-F380-4F80-8721-F9DFB07C72C9}.Release|x86.Build.0 = Release|Win32
		{45432AEB-59DE-44B5-AB7D-CD1BE2BE24BD}.Debug|x64.ActiveCfg = Debug|x64
		{45432AEB-59DE-44B5-AB7D-CD1BE2BE24BD}.Debug|x64.Build.0 = Debug|x64
		{45432AEB-59DE-44B5-AB7D-CD1BE2BE24BD}.Debug|x86.ActiveCfg = Debug|Win32
		{45432AEB-59DE-44B5-AB7D-CD1BE2BE24BD}.Debug|x86.Build.0 = Debug|Win32
		{45432AEB-59DE-44B5-AB7D-CD1BE2BE24BD}.Release|x64.ActiveCfg = Release|x64
		{45432AEB-59DE-44B5-AB7D-CD1BE2BE24BD}.Release|x64.Build.0 = Release|x64
		{45432AEB-59DE-44B5-AB7D-CD1BE2BE24BD}.Release|x86.ActiveCfg = Release|Win32
		{45432AEB-59DE-44B5-AB7D-CD1BE2BE24BD}.Release|x86.Build.0 = Release|Win32
		{E5DA32E3-9F2E-4449-BAD7-7A66EABDD69C}.Debug|x64.ActiveCfg = Debug|x64
		{E5DA32E3-9F2E-4449-BAD7-7A66EABDD69C}.Debug|x64.Build.0 = Debug|x64
		{E5DA32E3-9F2E-4449-BAD7-7A66EABDD69C}.Debug|x86.ActiveCfg = Debug|Win32
		{E5DA32E3-9F2E-4449-BAD7-7A66EABDD69C}.Debug|x86.Build.0 = Debug|Win32
		{E5DA32E3-9F2E-4449-BAD7-7A66EABDD69C}.Release|x64.ActiveCfg = Release|x64
		{E5DA32E3-9F2E-4449-BAD7-7A66EABDD69C}.Release|x64.Build.0 = Release|x64
		{E5DA32E3-9F2E-4449-BAD7-7A66EABDD69C}.Release|x86.ActiveCfg = Release|Win32
		{E5DA32E3-9F2E-4449-BAD7-7A66EABDD69C}.Release|x86.Build.0 = Release|Win32
		{E7C78A08-CD46-476F-B990-D27A0D0277C2}.Debug|x64.ActiveCfg = Debug|x64
		{E7C78A08-CD46-476F-B990-D27A0D0277C2}.Debug|x64.Build.0 = Debug|x64
		{E7C78A08-CD46-476F-B990-D27A0D0277C2}.Debug|x86.ActiveCfg = Debug|Win32
		{E7C78A08-CD46-476F-B990-D27A0D0277C2}.Debug|x86.Build.0 = Debug|Win32
		{E7C78A08-CD46-476F-B990-D27A0D0277C2}.Release|x64.ActiveCfg = Release|x64
		{E7C78A08-CD46-476F-B990-D27A0D0277C2}.Release|x64.Build.0 = Release|x64
		{E7C78A08-CD46-476F-B990-D27A0D0277C2}.Release|x86.ActiveCfg = Release|Win32
		{E7C78A08-CD46-476F-B990-D27A0D0277C2}.Release|x86.Build.0 = Release|Win32
		{AABAA473-6295-45C5-85F1-A25F39DE7368}.Debug|x64.ActiveCfg = Debug|x64
		{AABAA473-6295-45C5-85F1-A25F39DE7368}.Debug|x64.Build.0 = Debug|x64
		{AABAA473-6295-45C5-85F1-A25F39DE7368}.Debug|x86.ActiveCfg = Debug|Win32
		{AABAA473-6295-45C5-85F1-A25F39DE7368}.Debug|x86.Build.0 = Debug|Win32
		{AABAA473-6295-45C5-85F1-A25F39DE7368}.Release|x64.ActiveCfg = Release|x64
		{AABAA473-6295-45C5-85F1-A25F39DE7368}.Release|x64.Build.0 = Release|x64
		{AABAA473-6295-45C5-85F1-A25F39DE7368}.Release|x86.ActiveCfg = Release|Win32
		{AABAA473-6295-45C5-85F1-A25F39DE7368}.Release|x86.Build.0 = Release|Win32
		{FE437A49-5C46-405A-81C9-D32D306D240F}.Debug|x64.ActiveCfg = Debug|x64
		{FE437A49-5C46-405A-81C9-D32D306D240F}.Debug|x64.Build.0 = Debug|x64
		{FE437A49-5C46-405A-81C9-D32D306D240F}.Debug|x86.ActiveCfg = Debug|Win32
		{FE437A49-5C46-405A-81C9-D32D306D240F}.Debug|x86.Build.0 = Debug|Win32
		{FE437A49-5C46-405A-81C9-D32D306D240F}.Release|x64.ActiveCfg = Release|x64
		{FE437A49-5C46-405A-81C9-D32D306D240F}.Release|x64.Build.0 = Release|x64
		{FE437A49-5C46-405A-81C9-D32D306D240F}.Release|x86.ActiveCfg = Release|Win32
		{FE437A49-5C46-405A-81C9-D32D306D240F}.Release|x86.Build.0 = Release|Win32
		{2ACA1F99-9959-4D54-ABED-C3A1C1EB4DC4}.Debug|x64.ActiveCfg = Debug|x64
		{2ACA1F99-9959-4D54-ABED-C3A1C1EB4DC4}.Debug|x64.Build.0 = Debug|x64
		{2ACA1F99-9959-4D54-ABED-C3A1C1EB4DC4}.Debug|x86.ActiveCfg = Debug|Win32
		{2ACA1F99-9959-4D54-ABED-C3A1C1EB4DC4}.Debug|x86.Build.0 = Debug|Win32
		{2ACA1F99-9959-4D54-ABED-C3A1C1EB4DC4}.Release|x64.ActiveCfg = Release|x64
		{2ACA1F99-9959-4D54-ABED-C3A1C1EB4DC4}.Release|x64.Build.0 = Release|x64
		{2ACA1F99-9959-4D54-ABED-C3A1C1EB4DC4}.Release|x86.ActiveCfg = Release|Win32
		{2ACA1F99-9959-4D54-ABED-C3A1C1EB4DC4}.Release|x86.Build.0 = Release|Win32
		{B071F5AD-6B30-493E-A5C5-04C262543D34}.Debug|x64.ActiveCfg = Debug|x64
		{B071F5AD-6B30-493E-A5C5-04C262543D34}.Debug|x64.Build.0 = Debug|x64
		{B071F5AD-6B30-493E-A5C5-04C262543D34}.Debug|x86.ActiveCfg = Debug|Win32
		{B071F5AD-6B30-493E-A5C5-04C262543D34}.Debug|x86.Build.0 = Debug|Win32
		{B071F5AD-6B30-493E-A5C5-04C262543D34}.Release|x64.ActiveCfg = Release|x64
		{B071F5AD-6B30-493E-A5C5-04C262543D34}.Release|x64.Build.0 = Release|x64
		{B071F5AD-6B30-493E-A5C5-04C262543D34}.Release|x86.ActiveCfg = Release|Win32
		{B071F5AD-6B30-493E-A5C5-04C262543D34}.Release|x86.Build.0 = Release|Win32
		{2230B17B-A3DF-4144-87E7-C485BB30E85B}.Debug|x64.ActiveCfg = Debug|x64
		{2230B17B-A3DF-4144-87E7-C485BB30E85B}.Debug|x64.Build.0 = Debug|x64
		{2230B17B-A3DF-4144-87E7-C485BB30E85B}.Debug|x86.ActiveCfg = Debug|Win32
		{2230B17B-A3DF-4144-87E7-C485BB30E85B}.Debug|x86.Build.0 = Debug|Win32
		{2230B17B-A3DF-4144-87E7-C485BB30E85B}.Release|x64.ActiveCfg = Release|x64
		{2230B17B-A3DF-4144-87E7-C485BB30E85B}.Release|x64.Build.0 = Release|x64
		{2230B17B-A3DF-4144-87E7-C485BB30E85B}.Release|x86.ActiveCfg = Release|Win32
		{2230B17B-A3DF-4144-87E7-C485BB30E85B}.Release|x86.Build.0 = Release|Win32
		{01711DEC-4670-405D-831C-35FDE3A27E7E}.Debug|x64.ActiveCfg = Debug|x64
		{01711DEC-4670-405D-831C-35FDE3A27E7E}.Debug|x64.Build.0 = Debug|x64
		{01711DEC-4670-405D-831C-35FDE3A27E7E}.Debug|x86.ActiveCfg = Debug|Win32
		{01711DEC-4670-405D-831C-35FDE3A27E7E}.Debug|x86.Build.0 = Debug|Win32
		{01711DEC-4670-405D-831C-35FDE3A27E7E}.Release|x64.ActiveCfg = Release|x64
		{01711DEC-4670-405D-831C-35FDE3A27E7E}.Release|x64.Build.0 = Release|x64
		{01711DEC-4670-405D-831C-35FDE3A27E7E}.Release|x86.ActiveCfg = Release|Win32
		{01711DEC-4670-405D-831C-35FDE3A27E7E}.Release|x86.Build.0 = Release|Win32
		{E7BAB57E-B338-4808-9046-CAFC2601ADC6}.Debug|x64.ActiveCfg = Debug|x64
		{E7BAB57E-B338-4808-9046-CAFC2601ADC6}.Debug|x64.Build.0 = Debug|x64
		{E7BAB57E-B338-4808-9046-CAFC2601ADC6}.Debug|x86.ActiveCfg = Debug|Win32
		{E7BAB57E-B338-4808-9046-CAFC2601ADC6}.Debug|x86.Build.0 = Debug|Win32
		{E7BAB57E-B338-4808-9046-CAFC2601ADC6}.Release|x64.ActiveCfg = Release|x64
		{E7BAB57E-B338-4808-9046-CAFC2601ADC6}.Release|x64.Build.0 = Release|x64
		{E7BAB57E-B338-4808-9046-CAFC2601ADC6}.Release|x86.ActiveCfg = Release|Win32
		{E7BAB57E-B338-4808-9046-CAFC2601ADC6}.Release|x86.Build.0 = Release|Win32
		{1D149314-9176-40A9-87A4-469C63C7DB28}.Debug|x64.ActiveCfg = Debug|x64
		{1D149314-9176-40A9-87A4-469C63C7DB28}.Debug|x64.Build.0 = Debug|x64
		{1D149314-9176-40A9-87A4-469C63C7DB28}.Debug|x86.ActiveCfg = Debug|Win32
		{1D149314-9176-40A9-87A4-469C63C7DB28}.Debug|x86.Build.0 = Debug|Win32
		{1D149314-9176-40A9-87A4-469C63C7DB28}.Release|x64.ActiveCfg = Release|x64
		{1D149314-9176-40A9-87A4-469C63C7DB28}.Release|x64.Build.0 = Release|x64
		{1D149314-9176-40A9-87A4-469C63C7DB28}.Release|x86.ActiveCfg = Release|Win32
		{1D149314-9176-40A9-87A4-469C63C7DB28}.Release|x86.Build.0 = Release|Win32
		{934AC88A-65AE-439E-8684-24ECA14B8C97}.Debug|x64.ActiveCfg = Debug|x64
		{934AC88A-65AE-439E-8684-24ECA14B8C97}.Debug|x64.Build.0 = Debug|x64
		{934AC88A-65AE-439E-8684-24ECA14B8C97}.Debug|x86.ActiveCfg = Debug|Win32
		{934AC88A-65AE-439E-8684-24ECA14B8C97}.Debug|x86.Build.0 = Debug|Win32
		{934AC88A-65AE-439E-8684-24ECA14B8C97}.Release|x64.ActiveCfg = Release|x64
		{934AC88A-65AE-439E-8684-24ECA14B8C97}.Release|x64.Build.0 = Release|x64
		{934AC88A-65AE-439E-8684-24ECA14B8C97}.Release|x86.ActiveCfg = Release|Win32
		{934AC88A-65AE-439E-8684-24ECA14B8C97}.Release|x86.Build.0 = Release|Win32
		{637140E0-A6DE-4B64-B399-3430A80BDE5B}.Debug|x64.ActiveCfg = Debug|x64
		{637140E0-A6DE-4B64-B399-3430A80BDE5B}.Debug|x64.Build.0 = Debug|x64
		{637140E0-A6DE-4B64-B399-3430A80BDE5B}.Debug|x86.ActiveCfg = Debug|Win32
		{637140E0-A6DE-4B64-B399-3430A80BDE5B}.Debug|x86.Build.0 = Debug|Win32
		{637140E0-A6DE-4B64-B399-3430A80BDE5B}.Release|x64.ActiveCfg = Release|x64
		{637140E0-A6DE-4B64-B399-3430A80BDE5B}.Release|x64.Build.0 = Release|x64
		{637140E0-A6DE-4B64-B399-3430A80BDE5B}.Release|x86.ActiveCfg = Release|Win32
		{637140E0-A6DE-4B64-B399-3430A80BDE5B}.Release|x86.Build.0 = Release|Win32
		{5DA8434D-D763-485D-BE69-592F3E9EEC8E}.Debug|x64.ActiveCfg = Debug|x64
		{5DA8434D-D763-485D-BE69-592F3E9EEC8E}.Debug|x64.Build.0 = Debug|x64
		{5DA8434D-D763-485D-BE69-592F3E9EEC8E}.Debug|x86.ActiveCfg = Debug|Win32
		{5DA8434D-D763-485D-BE69-592F3E9EEC8E}.Debug|x86.Build.0 = Debug|Win32
		{5DA8434D-D763-485D-BE69-592F3E9EEC8E}.Release|x64.ActiveCfg = Release|x64
		{5DA8434D-D763-485D-BE69-592F3E9EEC8E}.Release|x64.Build.0 = Release|x64
		{5DA8434D-D763-485D-BE69-592F3E9EEC8E}.Release|x86.ActiveCfg = Release|Win32
		{5DA8434D-D763-485D-BE69-592F3E9EEC8E}.Release|x86.Build.0 = Release|Win32
		{52AB7D8D-0A64-4989-8894-21BEB8127D04}.Debug|x64.ActiveCfg = Debug|x64
		{52AB7D8D-0A64-4989-8894-21BEB8127D04}.Debug|x64.Build.0 = Debug|x64
		{52AB7D8D-0A64-4989-8894-21BEB8127D04}.Debug|x86.ActiveCfg = Debug|Win32
		{52AB7D8D-0A64-4989-8894-21BEB8127D04}.Debug|x86.Build.0 = Debug|Win32
		{52AB7D8D-0A64-4989-8894-21BEB8127D04}.Release|x64.ActiveCfg = Release|x64
		{52AB7D8D-0A64-4989-8894-21BEB8127D04}.Release|x64.Build.0 = Release|x64
		{52AB7D8D-0A64-4989-8894-21BEB8127D04}.Release|x86.ActiveCfg = Release|Win32
		{52AB7D8D-0A64-4989-8894-21BEB8127D04}.Release|x86.Build.0 = Release|Win32
		{7F9DF7F6-549E-403B-BB93-4C8CAC2D0732}.Debug|x64.ActiveCfg = Debug|x64
		{7F9DF7F6-549E-403B-BB93-4C8CAC2D0732}.Debug|x64.Build.0 = Debug|x64
		{7F9DF7F6-549E-403B-BB93-4C8CAC2D0732}.Debug|x86.ActiveCfg = Debug|Win32
		{7F9DF7F6-549E-403B-BB93-4C8CAC2D0732}.Debug|x86.Build.0 = Debug|Win32
		{7F9DF7F6-549E-403B-BB93-4C8CAC2D0732}.Release|x64.ActiveCfg = Release|x64
		{7F9DF7F6-549E-403B-BB93-4C8CAC2D0732}.Release|x64.Build.0 = Release|x64
		{7F9DF7F6-549E-403B-BB93-4C8CAC2D0732}.Release|x86.ActiveCfg = Release|Win32
		{7F9DF7F6-549E-403B-BB93-4C8CAC2D0732}.Release|x86.Build.0 = Release|Win32
	EndGlobalSection
	GlobalSection(SolutionProperties) = preSolution
		HideSolutionNode = FALSE
	EndGlobalSection
	GlobalSection(NestedProjects) = preSolution
		{1204A887-CEE6-41BD-9080-B387ED17AD5F} = {92E53C82-DFE1-46BF-878F-29BB3AF76255}
		{7EBFDE3B-6985-4EB6-86F8-B33124D89D31} = {92E53C82-DFE1-46BF-878F-29BB3AF76255}
		{269F5CAB-E104-4661-8032-7011AD2FFE64} = {92E53C82-DFE1-46BF-878F-29BB3AF76255}
		{6579BDB7-F380-4F80-8721-F9DFB07C72C9} = {92E53C82-DFE1-46BF-878F-29BB3AF76255}
		{E7C78A08-CD46-476F-B990-D27A0D0277C2} = {B7DA59D0-DC14-41EC-AC15-0E04F0F9EF8A}
		{AABAA473-6295-45C5-85F1-A25F39DE7368} = {B7DA59D0-DC14-41EC-AC15-0E04F0F9EF8A}
		{FE437A49-5C46-405A-81C9-D32D306D240F} = {B7DA59D0-DC14-41EC-AC15-0E04F0F9EF8A}
		{2ACA1F99-9959-4D54-ABED-C3A1C1EB4DC4} = {B7DA59D0-DC14-41EC-AC15-0E04F0F9EF8A}
		{B071F5AD-6B30-493E-A5C5-04C262543D34} = {B4E23CB3-BCF6-4600-9281-D98C30EE072B}
		{2230B17B-A3DF-4144-87E7-C485BB30E85B} = {B4E23CB3-BCF6-4600-9281-D98C30EE072B}
		{01711DEC-4670-405D-831C-35FDE3A27E7E} = {B4E23CB3-BCF6-4600-9281-D98C30EE072B}
		{E7BAB57E-B338-4808-9046-CAFC2601ADC6} = {4CC0FF82-142A-4522-AB6A-504C0B272437}
		{1D149314-9176-40A9-87A4-469C63C7DB28} = {4CC0FF82-142A-4522-AB6A-504C0B272437}
		{934AC88A-65AE-439E-8684-24ECA14B8C97} = {4CC0FF82-142A-4522-AB6A-504C0B272437}
		{637140E0-A6DE-4B64-B399-3430A80BDE5B} = {C95FF992-94A8-44C0-A859-4A39EFEC3C1C}
		{5DA8434D-D763-485D-BE69-592F3E9EEC8E} = {C95FF992-94A8-44C0-A859-4A39EFEC3C1C}
		{52AB7D8D-0A64-4989-8894-21BEB8127D04} = {4CC0FF82-142A-4522-AB6A-504C0B272437}
		{7F9DF7F6-549E-403B-BB93-4C8CAC2D0732} = {4CC0FF82-142A-4522-AB6A-504C0B272437}
	EndGlobalSection
	GlobalSection(ExtensibilityGlobals) = postSolution
		SolutionGuid = {EAABBACF-E8DF-4AF6-B0E8-D9F1BDE74109}
	EndGlobalSection
EndGlobal
